// !$*UTF8*$!
{
	archiveVersion = 1;
	classes = {
	};
	objectVersion = 46;
	objects = {

/* Begin PBXBuildFile section */
		46679002518A548DCF6A359E /* Pods_PosAff.framework in Frameworks */ = {isa = PBXBuildFile; fileRef = E1A4F4290195D205049F9F35 /* Pods_PosAff.framework */; };
		9B3CB68C1EA70C5B00C63500 /* AppDelegate.swift in Sources */ = {isa = PBXBuildFile; fileRef = 9B3CB68B1EA70C5B00C63500 /* AppDelegate.swift */; };
		9B3CB68E1EA70C5B00C63500 /* AffirmationTableViewController.swift in Sources */ = {isa = PBXBuildFile; fileRef = 9B3CB68D1EA70C5B00C63500 /* AffirmationTableViewController.swift */; };
		9B3CB6911EA70C5B00C63500 /* Main.storyboard in Resources */ = {isa = PBXBuildFile; fileRef = 9B3CB68F1EA70C5B00C63500 /* Main.storyboard */; };
		9B3CB6931EA70C5B00C63500 /* Assets.xcassets in Resources */ = {isa = PBXBuildFile; fileRef = 9B3CB6921EA70C5B00C63500 /* Assets.xcassets */; };
		9B3CB6961EA70C5B00C63500 /* LaunchScreen.storyboard in Resources */ = {isa = PBXBuildFile; fileRef = 9B3CB6941EA70C5B00C63500 /* LaunchScreen.storyboard */; };
		9B3CB6A11EA70F8D00C63500 /* LoginController.swift in Sources */ = {isa = PBXBuildFile; fileRef = 9B3CB6A01EA70F8D00C63500 /* LoginController.swift */; };
		9B3CB6A31EA710C300C63500 /* TabController.swift in Sources */ = {isa = PBXBuildFile; fileRef = 9B3CB6A21EA710C300C63500 /* TabController.swift */; };
		9B3CB7591EA7122D00C63500 /* SlideInPresentationAnimator.swift in Sources */ = {isa = PBXBuildFile; fileRef = 9B3CB7001EA7122C00C63500 /* SlideInPresentationAnimator.swift */; };
		9B3CB75A1EA7122D00C63500 /* SlideInPresentationManager.swift in Sources */ = {isa = PBXBuildFile; fileRef = 9B3CB7011EA7122C00C63500 /* SlideInPresentationManager.swift */; };
		9B3CB75B1EA7122D00C63500 /* SlideInPresentationController.swift in Sources */ = {isa = PBXBuildFile; fileRef = 9B3CB7021EA7122C00C63500 /* SlideInPresentationController.swift */; };
		9B3CB75E1EA7146D00C63500 /* SliderMenuTableViewController.swift in Sources */ = {isa = PBXBuildFile; fileRef = 9B3CB75D1EA7146D00C63500 /* SliderMenuTableViewController.swift */; };
		9B3CB7601EA72A0800C63500 /* GoogleService-Info.plist in Resources */ = {isa = PBXBuildFile; fileRef = 9B3CB75F1EA72A0800C63500 /* GoogleService-Info.plist */; };
		9B3CB7621EA75B0E00C63500 /* NewAffirmationController.swift in Sources */ = {isa = PBXBuildFile; fileRef = 9B3CB7611EA75B0E00C63500 /* NewAffirmationController.swift */; };
/* End PBXBuildFile section */

/* Begin PBXFileReference section */
		4DCADC36637D91FCFE17E78A /* Pods-PosAff.debug.xcconfig */ = {isa = PBXFileReference; includeInIndex = 1; lastKnownFileType = text.xcconfig; name = "Pods-PosAff.debug.xcconfig"; path = "Pods/Target Support Files/Pods-PosAff/Pods-PosAff.debug.xcconfig"; sourceTree = "<group>"; };
		9B3CB6881EA70C5B00C63500 /* PosAff.app */ = {isa = PBXFileReference; explicitFileType = wrapper.application; includeInIndex = 0; path = PosAff.app; sourceTree = BUILT_PRODUCTS_DIR; };
		9B3CB68B1EA70C5B00C63500 /* AppDelegate.swift */ = {isa = PBXFileReference; lastKnownFileType = sourcecode.swift; path = AppDelegate.swift; sourceTree = "<group>"; };
		9B3CB68D1EA70C5B00C63500 /* AffirmationTableViewController.swift */ = {isa = PBXFileReference; lastKnownFileType = sourcecode.swift; path = AffirmationTableViewController.swift; sourceTree = "<group>"; };
		9B3CB6901EA70C5B00C63500 /* Base */ = {isa = PBXFileReference; lastKnownFileType = file.storyboard; name = Base; path = Base.lproj/Main.storyboard; sourceTree = "<group>"; };
		9B3CB6921EA70C5B00C63500 /* Assets.xcassets */ = {isa = PBXFileReference; lastKnownFileType = folder.assetcatalog; path = Assets.xcassets; sourceTree = "<group>"; };
		9B3CB6951EA70C5B00C63500 /* Base */ = {isa = PBXFileReference; lastKnownFileType = file.storyboard; name = Base; path = Base.lproj/LaunchScreen.storyboard; sourceTree = "<group>"; };
		9B3CB6971EA70C5B00C63500 /* Info.plist */ = {isa = PBXFileReference; lastKnownFileType = text.plist.xml; path = Info.plist; sourceTree = "<group>"; };
		9B3CB6A01EA70F8D00C63500 /* LoginController.swift */ = {isa = PBXFileReference; fileEncoding = 4; lastKnownFileType = sourcecode.swift; path = LoginController.swift; sourceTree = "<group>"; };
		9B3CB6A21EA710C300C63500 /* TabController.swift */ = {isa = PBXFileReference; fileEncoding = 4; lastKnownFileType = sourcecode.swift; path = TabController.swift; sourceTree = "<group>"; };
		9B3CB7001EA7122C00C63500 /* SlideInPresentationAnimator.swift */ = {isa = PBXFileReference; fileEncoding = 4; lastKnownFileType = sourcecode.swift; path = SlideInPresentationAnimator.swift; sourceTree = "<group>"; };
		9B3CB7011EA7122C00C63500 /* SlideInPresentationManager.swift */ = {isa = PBXFileReference; fileEncoding = 4; lastKnownFileType = sourcecode.swift; path = SlideInPresentationManager.swift; sourceTree = "<group>"; };
		9B3CB7021EA7122C00C63500 /* SlideInPresentationController.swift */ = {isa = PBXFileReference; fileEncoding = 4; lastKnownFileType = sourcecode.swift; path = SlideInPresentationController.swift; sourceTree = "<group>"; };
		9B3CB75D1EA7146D00C63500 /* SliderMenuTableViewController.swift */ = {isa = PBXFileReference; fileEncoding = 4; lastKnownFileType = sourcecode.swift; path = SliderMenuTableViewController.swift; sourceTree = "<group>"; };
		9B3CB75F1EA72A0800C63500 /* GoogleService-Info.plist */ = {isa = PBXFileReference; fileEncoding = 4; lastKnownFileType = text.plist.xml; path = "GoogleService-Info.plist"; sourceTree = "<group>"; };
		9B3CB7611EA75B0E00C63500 /* NewAffirmationController.swift */ = {isa = PBXFileReference; fileEncoding = 4; lastKnownFileType = sourcecode.swift; path = NewAffirmationController.swift; sourceTree = "<group>"; };
		E1A4F4290195D205049F9F35 /* Pods_PosAff.framework */ = {isa = PBXFileReference; explicitFileType = wrapper.framework; includeInIndex = 0; path = Pods_PosAff.framework; sourceTree = BUILT_PRODUCTS_DIR; };
		F508DDB5FC6BEEEA20EDD8ED /* Pods-PosAff.release.xcconfig */ = {isa = PBXFileReference; includeInIndex = 1; lastKnownFileType = text.xcconfig; name = "Pods-PosAff.release.xcconfig"; path = "Pods/Target Support Files/Pods-PosAff/Pods-PosAff.release.xcconfig"; sourceTree = "<group>"; };
/* End PBXFileReference section */

/* Begin PBXFrameworksBuildPhase section */
		9B3CB6851EA70C5B00C63500 /* Frameworks */ = {
			isa = PBXFrameworksBuildPhase;
			buildActionMask = 2147483647;
			files = (
				46679002518A548DCF6A359E /* Pods_PosAff.framework in Frameworks */,
			);
			runOnlyForDeploymentPostprocessing = 0;
		};
/* End PBXFrameworksBuildPhase section */

/* Begin PBXGroup section */
		200EA37A3F779D0C22CB06B4 /* Pods */ = {
			isa = PBXGroup;
			children = (
				4DCADC36637D91FCFE17E78A /* Pods-PosAff.debug.xcconfig */,
				F508DDB5FC6BEEEA20EDD8ED /* Pods-PosAff.release.xcconfig */,
			);
			name = Pods;
			sourceTree = "<group>";
		};
		9B3CB67F1EA70C5B00C63500 = {
			isa = PBXGroup;
			children = (
				9B3CB68A1EA70C5B00C63500 /* PosAff */,
				9B3CB6891EA70C5B00C63500 /* Products */,
				200EA37A3F779D0C22CB06B4 /* Pods */,
				E8E9B26F4D802C3E6D8F09F8 /* Frameworks */,
			);
			sourceTree = "<group>";
		};
		9B3CB6891EA70C5B00C63500 /* Products */ = {
			isa = PBXGroup;
			children = (
				9B3CB6881EA70C5B00C63500 /* PosAff.app */,
			);
			name = Products;
			sourceTree = "<group>";
		};
		9B3CB68A1EA70C5B00C63500 /* PosAff */ = {
			isa = PBXGroup;
			children = (
				9B3CB68B1EA70C5B00C63500 /* AppDelegate.swift */,
				9B3CB69F1EA70F6A00C63500 /* View */,
				9B3CB69E1EA70F6200C63500 /* Model */,
				9B3CB69D1EA70F5400C63500 /* Controller */,
				9B3CB68F1EA70C5B00C63500 /* Main.storyboard */,
				9B3CB6921EA70C5B00C63500 /* Assets.xcassets */,
				9B3CB6941EA70C5B00C63500 /* LaunchScreen.storyboard */,
				9B3CB6971EA70C5B00C63500 /* Info.plist */,
				9B3CB75F1EA72A0800C63500 /* GoogleService-Info.plist */,
			);
			path = PosAff;
			sourceTree = "<group>";
		};
		9B3CB69D1EA70F5400C63500 /* Controller */ = {
			isa = PBXGroup;
			children = (
				9B3CB75C1EA7129E00C63500 /* Presentation */,
				9B3CB68D1EA70C5B00C63500 /* AffirmationTableViewController.swift */,
				9B3CB7611EA75B0E00C63500 /* NewAffirmationController.swift */,
				9B3CB6A01EA70F8D00C63500 /* LoginController.swift */,
				9B3CB6A21EA710C300C63500 /* TabController.swift */,
				9B3CB75D1EA7146D00C63500 /* SliderMenuTableViewController.swift */,
			);
			name = Controller;
			sourceTree = "<group>";
		};
		9B3CB69E1EA70F6200C63500 /* Model */ = {
			isa = PBXGroup;
			children = (
			);
			name = Model;
			sourceTree = "<group>";
		};
		9B3CB69F1EA70F6A00C63500 /* View */ = {
			isa = PBXGroup;
			children = (
			);
			name = View;
			sourceTree = "<group>";
		};
		9B3CB75C1EA7129E00C63500 /* Presentation */ = {
			isa = PBXGroup;
			children = (
				9B3CB7001EA7122C00C63500 /* SlideInPresentationAnimator.swift */,
				9B3CB7011EA7122C00C63500 /* SlideInPresentationManager.swift */,
				9B3CB7021EA7122C00C63500 /* SlideInPresentationController.swift */,
			);
			name = Presentation;
			sourceTree = "<group>";
		};
		E8E9B26F4D802C3E6D8F09F8 /* Frameworks */ = {
			isa = PBXGroup;
			children = (
				E1A4F4290195D205049F9F35 /* Pods_PosAff.framework */,
			);
			name = Frameworks;
			sourceTree = "<group>";
		};
/* End PBXGroup section */

/* Begin PBXNativeTarget section */
		9B3CB6871EA70C5B00C63500 /* PosAff */ = {
			isa = PBXNativeTarget;
			buildConfigurationList = 9B3CB69A1EA70C5B00C63500 /* Build configuration list for PBXNativeTarget "PosAff" */;
			buildPhases = (
				69C200CC2FF83C799492A8F0 /* [CP] Check Pods Manifest.lock */,
				9B3CB6841EA70C5B00C63500 /* Sources */,
				9B3CB6851EA70C5B00C63500 /* Frameworks */,
				9B3CB6861EA70C5B00C63500 /* Resources */,
				5FC544329BC434F8226D8988 /* [CP] Embed Pods Frameworks */,
				DA4B5B9B318630F1A743B465 /* [CP] Copy Pods Resources */,
			);
			buildRules = (
			);
			dependencies = (
			);
			name = PosAff;
			productName = PosAff;
			productReference = 9B3CB6881EA70C5B00C63500 /* PosAff.app */;
			productType = "com.apple.product-type.application";
		};
/* End PBXNativeTarget section */

/* Begin PBXProject section */
		9B3CB6801EA70C5B00C63500 /* Project object */ = {
			isa = PBXProject;
			attributes = {
				LastSwiftUpdateCheck = 0830;
				LastUpgradeCheck = 0830;
				ORGANIZATIONNAME = "Cody Fazio";
				TargetAttributes = {
					9B3CB6871EA70C5B00C63500 = {
						CreatedOnToolsVersion = 8.3;
						DevelopmentTeam = K4X5878K44;
						ProvisioningStyle = Automatic;
					};
				};
			};
			buildConfigurationList = 9B3CB6831EA70C5B00C63500 /* Build configuration list for PBXProject "PosAff" */;
			compatibilityVersion = "Xcode 3.2";
			developmentRegion = English;
			hasScannedForEncodings = 0;
			knownRegions = (
				en,
				Base,
			);
			mainGroup = 9B3CB67F1EA70C5B00C63500;
			productRefGroup = 9B3CB6891EA70C5B00C63500 /* Products */;
			projectDirPath = "";
			projectRoot = "";
			targets = (
				9B3CB6871EA70C5B00C63500 /* PosAff */,
			);
		};
/* End PBXProject section */

/* Begin PBXResourcesBuildPhase section */
		9B3CB6861EA70C5B00C63500 /* Resources */ = {
			isa = PBXResourcesBuildPhase;
			buildActionMask = 2147483647;
			files = (
				9B3CB6961EA70C5B00C63500 /* LaunchScreen.storyboard in Resources */,
				9B3CB7601EA72A0800C63500 /* GoogleService-Info.plist in Resources */,
				9B3CB6931EA70C5B00C63500 /* Assets.xcassets in Resources */,
				9B3CB6911EA70C5B00C63500 /* Main.storyboard in Resources */,
			);
			runOnlyForDeploymentPostprocessing = 0;
		};
/* End PBXResourcesBuildPhase section */

/* Begin PBXShellScriptBuildPhase section */
		5FC544329BC434F8226D8988 /* [CP] Embed Pods Frameworks */ = {
			isa = PBXShellScriptBuildPhase;
			buildActionMask = 2147483647;
			files = (
			);
			inputPaths = (
			);
			name = "[CP] Embed Pods Frameworks";
			outputPaths = (
			);
			runOnlyForDeploymentPostprocessing = 0;
			shellPath = /bin/sh;
			shellScript = "\"${SRCROOT}/Pods/Target Support Files/Pods-PosAff/Pods-PosAff-frameworks.sh\"\n";
			showEnvVarsInLog = 0;
		};
		69C200CC2FF83C799492A8F0 /* [CP] Check Pods Manifest.lock */ = {
			isa = PBXShellScriptBuildPhase;
			buildActionMask = 2147483647;
			files = (
			);
			inputPaths = (
			);
			name = "[CP] Check Pods Manifest.lock";
			outputPaths = (
			);
			runOnlyForDeploymentPostprocessing = 0;
			shellPath = /bin/sh;
			shellScript = "diff \"${PODS_ROOT}/../Podfile.lock\" \"${PODS_ROOT}/Manifest.lock\" > /dev/null\nif [ $? != 0 ] ; then\n    # print error to STDERR\n    echo \"error: The sandbox is not in sync with the Podfile.lock. Run 'pod install' or update your CocoaPods installation.\" >&2\n    exit 1\nfi\n";
			showEnvVarsInLog = 0;
		};
		DA4B5B9B318630F1A743B465 /* [CP] Copy Pods Resources */ = {
			isa = PBXShellScriptBuildPhase;
			buildActionMask = 2147483647;
			files = (
			);
			inputPaths = (
			);
			name = "[CP] Copy Pods Resources";
			outputPaths = (
			);
			runOnlyForDeploymentPostprocessing = 0;
			shellPath = /bin/sh;
			shellScript = "\"${SRCROOT}/Pods/Target Support Files/Pods-PosAff/Pods-PosAff-resources.sh\"\n";
			showEnvVarsInLog = 0;
		};
/* End PBXShellScriptBuildPhase section */

/* Begin PBXSourcesBuildPhase section */
		9B3CB6841EA70C5B00C63500 /* Sources */ = {
			isa = PBXSourcesBuildPhase;
			buildActionMask = 2147483647;
			files = (
				9B3CB7621EA75B0E00C63500 /* NewAffirmationController.swift in Sources */,
				9B3CB75A1EA7122D00C63500 /* SlideInPresentationManager.swift in Sources */,
				9B3CB6A11EA70F8D00C63500 /* LoginController.swift in Sources */,
				9B3CB7591EA7122D00C63500 /* SlideInPresentationAnimator.swift in Sources */,
				9B3CB75E1EA7146D00C63500 /* SliderMenuTableViewController.swift in Sources */,
				9B3CB68E1EA70C5B00C63500 /* AffirmationTableViewController.swift in Sources */,
				9B3CB6A31EA710C300C63500 /* TabController.swift in Sources */,
				9B3CB75B1EA7122D00C63500 /* SlideInPresentationController.swift in Sources */,
				9B3CB68C1EA70C5B00C63500 /* AppDelegate.swift in Sources */,
			);
			runOnlyForDeploymentPostprocessing = 0;
		};
/* End PBXSourcesBuildPhase section */

/* Begin PBXVariantGroup section */
		9B3CB68F1EA70C5B00C63500 /* Main.storyboard */ = {
			isa = PBXVariantGroup;
			children = (
				9B3CB6901EA70C5B00C63500 /* Base */,
			);
			name = Main.storyboard;
			sourceTree = "<group>";
		};
		9B3CB6941EA70C5B00C63500 /* LaunchScreen.storyboard */ = {
			isa = PBXVariantGroup;
			children = (
				9B3CB6951EA70C5B00C63500 /* Base */,
			);
			name = LaunchScreen.storyboard;
			sourceTree = "<group>";
		};
/* End PBXVariantGroup section */

/* Begin XCBuildConfiguration section */
		9B3CB6981EA70C5B00C63500 /* Debug */ = {
			isa = XCBuildConfiguration;
			buildSettings = {
				ALWAYS_SEARCH_USER_PATHS = NO;
				CLANG_ANALYZER_NONNULL = YES;
				CLANG_ANALYZER_NUMBER_OBJECT_CONVERSION = YES_AGGRESSIVE;
				CLANG_CXX_LANGUAGE_STANDARD = "gnu++0x";
				CLANG_CXX_LIBRARY = "libc++";
				CLANG_ENABLE_MODULES = YES;
				CLANG_ENABLE_OBJC_ARC = YES;
				CLANG_WARN_BOOL_CONVERSION = YES;
				CLANG_WARN_CONSTANT_CONVERSION = YES;
				CLANG_WARN_DIRECT_OBJC_ISA_USAGE = YES_ERROR;
				CLANG_WARN_DOCUMENTATION_COMMENTS = YES;
				CLANG_WARN_EMPTY_BODY = YES;
				CLANG_WARN_ENUM_CONVERSION = YES;
				CLANG_WARN_INFINITE_RECURSION = YES;
				CLANG_WARN_INT_CONVERSION = YES;
				CLANG_WARN_OBJC_ROOT_CLASS = YES_ERROR;
				CLANG_WARN_SUSPICIOUS_MOVE = YES;
				CLANG_WARN_UNREACHABLE_CODE = YES;
				CLANG_WARN__DUPLICATE_METHOD_MATCH = YES;
				"CODE_SIGN_IDENTITY[sdk=iphoneos*]" = "iPhone Developer";
				COPY_PHASE_STRIP = NO;
				DEBUG_INFORMATION_FORMAT = dwarf;
				ENABLE_STRICT_OBJC_MSGSEND = YES;
				ENABLE_TESTABILITY = YES;
				GCC_C_LANGUAGE_STANDARD = gnu99;
				GCC_DYNAMIC_NO_PIC = NO;
				GCC_NO_COMMON_BLOCKS = YES;
				GCC_OPTIMIZATION_LEVEL = 0;
				GCC_PREPROCESSOR_DEFINITIONS = (
					"DEBUG=1",
					"$(inherited)",
				);
				GCC_WARN_64_TO_32_BIT_CONVERSION = YES;
				GCC_WARN_ABOUT_RETURN_TYPE = YES_ERROR;
				GCC_WARN_UNDECLARED_SELECTOR = YES;
				GCC_WARN_UNINITIALIZED_AUTOS = YES_AGGRESSIVE;
				GCC_WARN_UNUSED_FUNCTION = YES;
				GCC_WARN_UNUSED_VARIABLE = YES;
				IPHONEOS_DEPLOYMENT_TARGET = 10.3;
				MTL_ENABLE_DEBUG_INFO = YES;
				ONLY_ACTIVE_ARCH = YES;
				SDKROOT = iphoneos;
				SWIFT_ACTIVE_COMPILATION_CONDITIONS = DEBUG;
				SWIFT_OPTIMIZATION_LEVEL = "-Onone";
			};
			name = Debug;
		};
		9B3CB6991EA70C5B00C63500 /* Release */ = {
			isa = XCBuildConfiguration;
			buildSettings = {
				ALWAYS_SEARCH_USER_PATHS = NO;
				CLANG_ANALYZER_NONNULL = YES;
				CLANG_ANALYZER_NUMBER_OBJECT_CONVERSION = YES_AGGRESSIVE;
				CLANG_CXX_LANGUAGE_STANDARD = "gnu++0x";
				CLANG_CXX_LIBRARY = "libc++";
				CLANG_ENABLE_MODULES = YES;
				CLANG_ENABLE_OBJC_ARC = YES;
				CLANG_WARN_BOOL_CONVERSION = YES;
				CLANG_WARN_CONSTANT_CONVERSION = YES;
				CLANG_WARN_DIRECT_OBJC_ISA_USAGE = YES_ERROR;
				CLANG_WARN_DOCUMENTATION_COMMENTS = YES;
				CLANG_WARN_EMPTY_BODY = YES;
				CLANG_WARN_ENUM_CONVERSION = YES;
				CLANG_WARN_INFINITE_RECURSION = YES;
				CLANG_WARN_INT_CONVERSION = YES;
				CLANG_WARN_OBJC_ROOT_CLASS = YES_ERROR;
				CLANG_WARN_SUSPICIOUS_MOVE = YES;
				CLANG_WARN_UNREACHABLE_CODE = YES;
				CLANG_WARN__DUPLICATE_METHOD_MATCH = YES;
				"CODE_SIGN_IDENTITY[sdk=iphoneos*]" = "iPhone Developer";
				COPY_PHASE_STRIP = NO;
				DEBUG_INFORMATION_FORMAT = "dwarf-with-dsym";
				ENABLE_NS_ASSERTIONS = NO;
				ENABLE_STRICT_OBJC_MSGSEND = YES;
				GCC_C_LANGUAGE_STANDARD = gnu99;
				GCC_NO_COMMON_BLOCKS = YES;
				GCC_WARN_64_TO_32_BIT_CONVERSION = YES;
				GCC_WARN_ABOUT_RETURN_TYPE = YES_ERROR;
				GCC_WARN_UNDECLARED_SELECTOR = YES;
				GCC_WARN_UNINITIALIZED_AUTOS = YES_AGGRESSIVE;
				GCC_WARN_UNUSED_FUNCTION = YES;
				GCC_WARN_UNUSED_VARIABLE = YES;
				IPHONEOS_DEPLOYMENT_TARGET = 10.3;
				MTL_ENABLE_DEBUG_INFO = NO;
				SDKROOT = iphoneos;
				SWIFT_OPTIMIZATION_LEVEL = "-Owholemodule";
				VALIDATE_PRODUCT = YES;
			};
			name = Release;
		};
		9B3CB69B1EA70C5B00C63500 /* Debug */ = {
			isa = XCBuildConfiguration;
			baseConfigurationReference = 4DCADC36637D91FCFE17E78A /* Pods-PosAff.debug.xcconfig */;
			buildSettings = {
				ASSETCATALOG_COMPILER_APPICON_NAME = AppIcon;
				DEVELOPMENT_TEAM = K4X5878K44;
				INFOPLIST_FILE = PosAff/Info.plist;
				LD_RUNPATH_SEARCH_PATHS = "$(inherited) @executable_path/Frameworks";
				PRODUCT_BUNDLE_IDENTIFIER = com.Ollietech.PosAff;
				PRODUCT_NAME = "$(TARGET_NAME)";
				SWIFT_VERSION = 3.0;
			};
			name = Debug;
		};
		9B3CB69C1EA70C5B00C63500 /* Release */ = {
			isa = XCBuildConfiguration;
			baseConfigurationReference = F508DDB5FC6BEEEA20EDD8ED /* Pods-PosAff.release.xcconfig */;
			buildSettings = {
				ASSETCATALOG_COMPILER_APPICON_NAME = AppIcon;
				DEVELOPMENT_TEAM = K4X5878K44;
				INFOPLIST_FILE = PosAff/Info.plist;
				LD_RUNPATH_SEARCH_PATHS = "$(inherited) @executable_path/Frameworks";
				PRODUCT_BUNDLE_IDENTIFIER = com.Ollietech.PosAff;
				PRODUCT_NAME = "$(TARGET_NAME)";
				SWIFT_VERSION = 3.0;
			};
			name = Release;
		};
/* End XCBuildConfiguration section */

/* Begin XCConfigurationList section */
		9B3CB6831EA70C5B00C63500 /* Build configuration list for PBXProject "PosAff" */ = {
			isa = XCConfigurationList;
			buildConfigurations = (
				9B3CB6981EA70C5B00C63500 /* Debug */,
				9B3CB6991EA70C5B00C63500 /* Release */,
			);
			defaultConfigurationIsVisible = 0;
			defaultConfigurationName = Release;
		};
		9B3CB69A1EA70C5B00C63500 /* Build configuration list for PBXNativeTarget "PosAff" */ = {
			isa = XCConfigurationList;
			buildConfigurations = (
				9B3CB69B1EA70C5B00C63500 /* Debug */,
				9B3CB69C1EA70C5B00C63500 /* Release */,
			);
			defaultConfigurationIsVisible = 0;
			defaultConfigurationName = Release;
		};
/* End XCConfigurationList section */
	};
	rootObject = 9B3CB6801EA70C5B00C63500 /* Project object */;
}
